
Microsoft Visual Studio Solution File, Format Version 11.00
# Visual Studio 2010
Project("{FAE04EC0-301F-11D3-BF4B-00C04F79EFBC}") = "Client", "Client\Client.csproj", "{41CBD2FA-8AB0-4E3A-A4FE-A6DD0C5C0553}"
EndProject
Project("{FAE04EC0-301F-11D3-BF4B-00C04F79EFBC}") = "GameContent", "GameContent\GameContent\GameContent.csproj", "{10FBC7D8-EA6F-47EB-A336-58B235558956}"
EndProject
Project("{FAE04EC0-301F-11D3-BF4B-00C04F79EFBC}") = "GameContentContent", "GameContent\GameContentContent\GameContentContent.contentproj", "{0D452FD8-B556-4EFB-BF1C-006D90861371}"
EndProject
Project("{FAE04EC0-301F-11D3-BF4B-00C04F79EFBC}") = "Server", "Server\Server.csproj", "{662C6C4F-4FF4-4CC7-A7D8-35888C4F8032}"
EndProject
Project("{FAE04EC0-301F-11D3-BF4B-00C04F79EFBC}") = "Input", "Input\Input.csproj", "{8B945AD9-564F-4D0D-B779-E8B10BB22056}"
EndProject
Project("{FAE04EC0-301F-11D3-BF4B-00C04F79EFBC}") = "Utility", "Utility\Utility.csproj", "{278FED0A-6BF7-4CD3-8E7E-96ACF53B0056}"
EndProject
Project("{FAE04EC0-301F-11D3-BF4B-00C04F79EFBC}") = "GameLibrary", "GameLibrary\GameLibrary.csproj", "{01613C7A-B783-4A5E-93DB-B42EF0B53B74}"
EndProject
Project("{FAE04EC0-301F-11D3-BF4B-00C04F79EFBC}") = "Lidgren", "Lidgren\Lidgren.csproj", "{F909AA7C-654A-41C1-909E-D986A87876CB}"
EndProject
Project("{2150E333-8FDC-42A3-9474-1A3956D46DE8}") = "Solution Items", "Solution Items", "{EA148583-7AC0-40DC-925E-311F43D563B0}"
	ProjectSection(SolutionItems) = preProject
		TODO.todo = TODO.todo
	EndProjectSection
EndProject
Global
	GlobalSection(SolutionConfigurationPlatforms) = preSolution
		Android|Any CPU = Android|Any CPU
		Android|Mixed Platforms = Android|Mixed Platforms
		Android|x86 = Android|x86
		Debug|Any CPU = Debug|Any CPU
		Debug|Mixed Platforms = Debug|Mixed Platforms
		Debug|x86 = Debug|x86
		iOS|Any CPU = iOS|Any CPU
		iOS|Mixed Platforms = iOS|Mixed Platforms
		iOS|x86 = iOS|x86
		Linux|Any CPU = Linux|Any CPU
		Linux|Mixed Platforms = Linux|Mixed Platforms
		Linux|x86 = Linux|x86
		OSX|Any CPU = OSX|Any CPU
		OSX|Mixed Platforms = OSX|Mixed Platforms
		OSX|x86 = OSX|x86
		PSM|Any CPU = PSM|Any CPU
		PSM|Mixed Platforms = PSM|Mixed Platforms
		PSM|x86 = PSM|x86
		Release|Any CPU = Release|Any CPU
		Release|Mixed Platforms = Release|Mixed Platforms
		Release|x86 = Release|x86
		Windows|Any CPU = Windows|Any CPU
		Windows|Mixed Platforms = Windows|Mixed Platforms
		Windows|x86 = Windows|x86
		Windows8|Any CPU = Windows8|Any CPU
		Windows8|Mixed Platforms = Windows8|Mixed Platforms
		Windows8|x86 = Windows8|x86
	EndGlobalSection
	GlobalSection(ProjectConfigurationPlatforms) = postSolution
		{41CBD2FA-8AB0-4E3A-A4FE-A6DD0C5C0553}.Android|Any CPU.ActiveCfg = Release|x86
		{41CBD2FA-8AB0-4E3A-A4FE-A6DD0C5C0553}.Android|Mixed Platforms.ActiveCfg = Release|x86
		{41CBD2FA-8AB0-4E3A-A4FE-A6DD0C5C0553}.Android|Mixed Platforms.Build.0 = Release|x86
		{41CBD2FA-8AB0-4E3A-A4FE-A6DD0C5C0553}.Android|x86.ActiveCfg = Release|x86
		{41CBD2FA-8AB0-4E3A-A4FE-A6DD0C5C0553}.Android|x86.Build.0 = Release|x86
		{41CBD2FA-8AB0-4E3A-A4FE-A6DD0C5C0553}.Debug|Any CPU.ActiveCfg = Debug|x86
		{41CBD2FA-8AB0-4E3A-A4FE-A6DD0C5C0553}.Debug|Mixed Platforms.ActiveCfg = Debug|x86
		{41CBD2FA-8AB0-4E3A-A4FE-A6DD0C5C0553}.Debug|Mixed Platforms.Build.0 = Debug|x86
		{41CBD2FA-8AB0-4E3A-A4FE-A6DD0C5C0553}.Debug|x86.ActiveCfg = Debug|x86
		{41CBD2FA-8AB0-4E3A-A4FE-A6DD0C5C0553}.Debug|x86.Build.0 = Debug|x86
		{41CBD2FA-8AB0-4E3A-A4FE-A6DD0C5C0553}.iOS|Any CPU.ActiveCfg = Release|x86
		{41CBD2FA-8AB0-4E3A-A4FE-A6DD0C5C0553}.iOS|Mixed Platforms.ActiveCfg = Release|x86
		{41CBD2FA-8AB0-4E3A-A4FE-A6DD0C5C0553}.iOS|Mixed Platforms.Build.0 = Release|x86
		{41CBD2FA-8AB0-4E3A-A4FE-A6DD0C5C0553}.iOS|x86.ActiveCfg = Release|x86
		{41CBD2FA-8AB0-4E3A-A4FE-A6DD0C5C0553}.iOS|x86.Build.0 = Release|x86
		{41CBD2FA-8AB0-4E3A-A4FE-A6DD0C5C0553}.Linux|Any CPU.ActiveCfg = Release|x86
		{41CBD2FA-8AB0-4E3A-A4FE-A6DD0C5C0553}.Linux|Mixed Platforms.ActiveCfg = Release|x86
		{41CBD2FA-8AB0-4E3A-A4FE-A6DD0C5C0553}.Linux|Mixed Platforms.Build.0 = Release|x86
		{41CBD2FA-8AB0-4E3A-A4FE-A6DD0C5C0553}.Linux|x86.ActiveCfg = Release|x86
		{41CBD2FA-8AB0-4E3A-A4FE-A6DD0C5C0553}.Linux|x86.Build.0 = Release|x86
		{41CBD2FA-8AB0-4E3A-A4FE-A6DD0C5C0553}.OSX|Any CPU.ActiveCfg = Release|x86
		{41CBD2FA-8AB0-4E3A-A4FE-A6DD0C5C0553}.OSX|Mixed Platforms.ActiveCfg = Release|x86
		{41CBD2FA-8AB0-4E3A-A4FE-A6DD0C5C0553}.OSX|Mixed Platforms.Build.0 = Release|x86
		{41CBD2FA-8AB0-4E3A-A4FE-A6DD0C5C0553}.OSX|x86.ActiveCfg = Release|x86
		{41CBD2FA-8AB0-4E3A-A4FE-A6DD0C5C0553}.OSX|x86.Build.0 = Release|x86
		{41CBD2FA-8AB0-4E3A-A4FE-A6DD0C5C0553}.PSM|Any CPU.ActiveCfg = Release|x86
		{41CBD2FA-8AB0-4E3A-A4FE-A6DD0C5C0553}.PSM|Mixed Platforms.ActiveCfg = Release|x86
		{41CBD2FA-8AB0-4E3A-A4FE-A6DD0C5C0553}.PSM|Mixed Platforms.Build.0 = Release|x86
		{41CBD2FA-8AB0-4E3A-A4FE-A6DD0C5C0553}.PSM|x86.ActiveCfg = Release|x86
		{41CBD2FA-8AB0-4E3A-A4FE-A6DD0C5C0553}.PSM|x86.Build.0 = Release|x86
		{41CBD2FA-8AB0-4E3A-A4FE-A6DD0C5C0553}.Release|Any CPU.ActiveCfg = Release|x86
		{41CBD2FA-8AB0-4E3A-A4FE-A6DD0C5C0553}.Release|Mixed Platforms.ActiveCfg = Release|x86
		{41CBD2FA-8AB0-4E3A-A4FE-A6DD0C5C0553}.Release|Mixed Platforms.Build.0 = Release|x86
		{41CBD2FA-8AB0-4E3A-A4FE-A6DD0C5C0553}.Release|x86.ActiveCfg = Release|x86
		{41CBD2FA-8AB0-4E3A-A4FE-A6DD0C5C0553}.Release|x86.Build.0 = Release|x86
		{41CBD2FA-8AB0-4E3A-A4FE-A6DD0C5C0553}.Windows|Any CPU.ActiveCfg = Release|x86
		{41CBD2FA-8AB0-4E3A-A4FE-A6DD0C5C0553}.Windows|Mixed Platforms.ActiveCfg = Release|x86
		{41CBD2FA-8AB0-4E3A-A4FE-A6DD0C5C0553}.Windows|Mixed Platforms.Build.0 = Release|x86
		{41CBD2FA-8AB0-4E3A-A4FE-A6DD0C5C0553}.Windows|x86.ActiveCfg = Release|x86
		{41CBD2FA-8AB0-4E3A-A4FE-A6DD0C5C0553}.Windows|x86.Build.0 = Release|x86
		{41CBD2FA-8AB0-4E3A-A4FE-A6DD0C5C0553}.Windows8|Any CPU.ActiveCfg = Release|x86
		{41CBD2FA-8AB0-4E3A-A4FE-A6DD0C5C0553}.Windows8|Mixed Platforms.ActiveCfg = Release|x86
		{41CBD2FA-8AB0-4E3A-A4FE-A6DD0C5C0553}.Windows8|Mixed Platforms.Build.0 = Release|x86
		{41CBD2FA-8AB0-4E3A-A4FE-A6DD0C5C0553}.Windows8|x86.ActiveCfg = Release|x86
		{41CBD2FA-8AB0-4E3A-A4FE-A6DD0C5C0553}.Windows8|x86.Build.0 = Release|x86
		{10FBC7D8-EA6F-47EB-A336-58B235558956}.Android|Any CPU.ActiveCfg = Android|Any CPU
		{10FBC7D8-EA6F-47EB-A336-58B235558956}.Android|Any CPU.Build.0 = Android|Any CPU
		{10FBC7D8-EA6F-47EB-A336-58B235558956}.Android|Mixed Platforms.ActiveCfg = Android|Any CPU
		{10FBC7D8-EA6F-47EB-A336-58B235558956}.Android|Mixed Platforms.Build.0 = Android|Any CPU
		{10FBC7D8-EA6F-47EB-A336-58B235558956}.Android|x86.ActiveCfg = Android|Any CPU
		{10FBC7D8-EA6F-47EB-A336-58B235558956}.Debug|Any CPU.ActiveCfg = PSM|Any CPU
		{10FBC7D8-EA6F-47EB-A336-58B235558956}.Debug|Any CPU.Build.0 = PSM|Any CPU
		{10FBC7D8-EA6F-47EB-A336-58B235558956}.Debug|Mixed Platforms.ActiveCfg = PSM|Any CPU
		{10FBC7D8-EA6F-47EB-A336-58B235558956}.Debug|Mixed Platforms.Build.0 = PSM|Any CPU
		{10FBC7D8-EA6F-47EB-A336-58B235558956}.Debug|x86.ActiveCfg = PSM|Any CPU
		{10FBC7D8-EA6F-47EB-A336-58B235558956}.iOS|Any CPU.ActiveCfg = iOS|Any CPU
		{10FBC7D8-EA6F-47EB-A336-58B235558956}.iOS|Any CPU.Build.0 = iOS|Any CPU
		{10FBC7D8-EA6F-47EB-A336-58B235558956}.iOS|Mixed Platforms.ActiveCfg = iOS|Any CPU
		{10FBC7D8-EA6F-47EB-A336-58B235558956}.iOS|Mixed Platforms.Build.0 = iOS|Any CPU
		{10FBC7D8-EA6F-47EB-A336-58B235558956}.iOS|x86.ActiveCfg = iOS|Any CPU
		{10FBC7D8-EA6F-47EB-A336-58B235558956}.Linux|Any CPU.ActiveCfg = Linux|Any CPU
		{10FBC7D8-EA6F-47EB-A336-58B235558956}.Linux|Any CPU.Build.0 = Linux|Any CPU
		{10FBC7D8-EA6F-47EB-A336-58B235558956}.Linux|Mixed Platforms.ActiveCfg = Linux|Any CPU
		{10FBC7D8-EA6F-47EB-A336-58B235558956}.Linux|Mixed Platforms.Build.0 = Linux|Any CPU
		{10FBC7D8-EA6F-47EB-A336-58B235558956}.Linux|x86.ActiveCfg = Linux|Any CPU
		{10FBC7D8-EA6F-47EB-A336-58B235558956}.OSX|Any CPU.ActiveCfg = OSX|Any CPU
		{10FBC7D8-EA6F-47EB-A336-58B235558956}.OSX|Any CPU.Build.0 = OSX|Any CPU
		{10FBC7D8-EA6F-47EB-A336-58B235558956}.OSX|Mixed Platforms.ActiveCfg = OSX|Any CPU
		{10FBC7D8-EA6F-47EB-A336-58B235558956}.OSX|Mixed Platforms.Build.0 = OSX|Any CPU
		{10FBC7D8-EA6F-47EB-A336-58B235558956}.OSX|x86.ActiveCfg = OSX|Any CPU
		{10FBC7D8-EA6F-47EB-A336-58B235558956}.PSM|Any CPU.ActiveCfg = PSM|Any CPU
		{10FBC7D8-EA6F-47EB-A336-58B235558956}.PSM|Any CPU.Build.0 = PSM|Any CPU
		{10FBC7D8-EA6F-47EB-A336-58B235558956}.PSM|Mixed Platforms.ActiveCfg = PSM|Any CPU
		{10FBC7D8-EA6F-47EB-A336-58B235558956}.PSM|Mixed Platforms.Build.0 = PSM|Any CPU
		{10FBC7D8-EA6F-47EB-A336-58B235558956}.PSM|x86.ActiveCfg = PSM|Any CPU
		{10FBC7D8-EA6F-47EB-A336-58B235558956}.Release|Any CPU.ActiveCfg = PSM|Any CPU
		{10FBC7D8-EA6F-47EB-A336-58B235558956}.Release|Any CPU.Build.0 = PSM|Any CPU
		{10FBC7D8-EA6F-47EB-A336-58B235558956}.Release|Mixed Platforms.ActiveCfg = PSM|Any CPU
		{10FBC7D8-EA6F-47EB-A336-58B235558956}.Release|Mixed Platforms.Build.0 = PSM|Any CPU
		{10FBC7D8-EA6F-47EB-A336-58B235558956}.Release|x86.ActiveCfg = PSM|Any CPU
		{10FBC7D8-EA6F-47EB-A336-58B235558956}.Windows|Any CPU.ActiveCfg = Windows|Any CPU
		{10FBC7D8-EA6F-47EB-A336-58B235558956}.Windows|Any CPU.Build.0 = Windows|Any CPU
		{10FBC7D8-EA6F-47EB-A336-58B235558956}.Windows|Mixed Platforms.ActiveCfg = Windows|Any CPU
		{10FBC7D8-EA6F-47EB-A336-58B235558956}.Windows|Mixed Platforms.Build.0 = Windows|Any CPU
		{10FBC7D8-EA6F-47EB-A336-58B235558956}.Windows|x86.ActiveCfg = Windows|Any CPU
		{10FBC7D8-EA6F-47EB-A336-58B235558956}.Windows8|Any CPU.ActiveCfg = Windows8|Any CPU
		{10FBC7D8-EA6F-47EB-A336-58B235558956}.Windows8|Any CPU.Build.0 = Windows8|Any CPU
		{10FBC7D8-EA6F-47EB-A336-58B235558956}.Windows8|Mixed Platforms.ActiveCfg = Windows8|Any CPU
		{10FBC7D8-EA6F-47EB-A336-58B235558956}.Windows8|Mixed Platforms.Build.0 = Windows8|Any CPU
		{10FBC7D8-EA6F-47EB-A336-58B235558956}.Windows8|x86.ActiveCfg = Windows8|Any CPU
		{0D452FD8-B556-4EFB-BF1C-006D90861371}.Android|Any CPU.ActiveCfg = Android|Any CPU
		{0D452FD8-B556-4EFB-BF1C-006D90861371}.Android|Mixed Platforms.ActiveCfg = Android|Any CPU
		{0D452FD8-B556-4EFB-BF1C-006D90861371}.Android|x86.ActiveCfg = Android|Any CPU
		{0D452FD8-B556-4EFB-BF1C-006D90861371}.Debug|Any CPU.ActiveCfg = PSM|Any CPU
		{0D452FD8-B556-4EFB-BF1C-006D90861371}.Debug|Mixed Platforms.ActiveCfg = PSM|Any CPU
		{0D452FD8-B556-4EFB-BF1C-006D90861371}.Debug|x86.ActiveCfg = PSM|Any CPU
		{0D452FD8-B556-4EFB-BF1C-006D90861371}.iOS|Any CPU.ActiveCfg = iOS|Any CPU
		{0D452FD8-B556-4EFB-BF1C-006D90861371}.iOS|Mixed Platforms.ActiveCfg = iOS|Any CPU
		{0D452FD8-B556-4EFB-BF1C-006D90861371}.iOS|x86.ActiveCfg = iOS|Any CPU
		{0D452FD8-B556-4EFB-BF1C-006D90861371}.Linux|Any CPU.ActiveCfg = Linux|Any CPU
		{0D452FD8-B556-4EFB-BF1C-006D90861371}.Linux|Mixed Platforms.ActiveCfg = Linux|Any CPU
		{0D452FD8-B556-4EFB-BF1C-006D90861371}.Linux|x86.ActiveCfg = Linux|Any CPU
		{0D452FD8-B556-4EFB-BF1C-006D90861371}.OSX|Any CPU.ActiveCfg = OSX|Any CPU
		{0D452FD8-B556-4EFB-BF1C-006D90861371}.OSX|Mixed Platforms.ActiveCfg = OSX|Any CPU
		{0D452FD8-B556-4EFB-BF1C-006D90861371}.OSX|x86.ActiveCfg = OSX|Any CPU
		{0D452FD8-B556-4EFB-BF1C-006D90861371}.PSM|Any CPU.ActiveCfg = PSM|Any CPU
		{0D452FD8-B556-4EFB-BF1C-006D90861371}.PSM|Mixed Platforms.ActiveCfg = PSM|Any CPU
		{0D452FD8-B556-4EFB-BF1C-006D90861371}.PSM|x86.ActiveCfg = PSM|Any CPU
		{0D452FD8-B556-4EFB-BF1C-006D90861371}.Release|Any CPU.ActiveCfg = PSM|Any CPU
		{0D452FD8-B556-4EFB-BF1C-006D90861371}.Release|Mixed Platforms.ActiveCfg = PSM|Any CPU
		{0D452FD8-B556-4EFB-BF1C-006D90861371}.Release|x86.ActiveCfg = PSM|Any CPU
		{0D452FD8-B556-4EFB-BF1C-006D90861371}.Windows|Any CPU.ActiveCfg = Windows|Any CPU
		{0D452FD8-B556-4EFB-BF1C-006D90861371}.Windows|Mixed Platforms.ActiveCfg = Windows|Any CPU
		{0D452FD8-B556-4EFB-BF1C-006D90861371}.Windows|x86.ActiveCfg = Windows|Any CPU
		{0D452FD8-B556-4EFB-BF1C-006D90861371}.Windows8|Any CPU.ActiveCfg = Windows8|Any CPU
		{0D452FD8-B556-4EFB-BF1C-006D90861371}.Windows8|Mixed Platforms.ActiveCfg = Windows8|Any CPU
		{0D452FD8-B556-4EFB-BF1C-006D90861371}.Windows8|x86.ActiveCfg = Windows8|Any CPU
		{662C6C4F-4FF4-4CC7-A7D8-35888C4F8032}.Android|Any CPU.ActiveCfg = Release|x86
		{662C6C4F-4FF4-4CC7-A7D8-35888C4F8032}.Android|Mixed Platforms.ActiveCfg = Release|x86
		{662C6C4F-4FF4-4CC7-A7D8-35888C4F8032}.Android|Mixed Platforms.Build.0 = Release|x86
		{662C6C4F-4FF4-4CC7-A7D8-35888C4F8032}.Android|x86.ActiveCfg = Release|x86
		{662C6C4F-4FF4-4CC7-A7D8-35888C4F8032}.Android|x86.Build.0 = Release|x86
		{662C6C4F-4FF4-4CC7-A7D8-35888C4F8032}.Debug|Any CPU.ActiveCfg = Debug|x86
		{662C6C4F-4FF4-4CC7-A7D8-35888C4F8032}.Debug|Mixed Platforms.ActiveCfg = Debug|x86
		{662C6C4F-4FF4-4CC7-A7D8-35888C4F8032}.Debug|Mixed Platforms.Build.0 = Debug|x86
		{662C6C4F-4FF4-4CC7-A7D8-35888C4F8032}.Debug|x86.ActiveCfg = Debug|x86
		{662C6C4F-4FF4-4CC7-A7D8-35888C4F8032}.Debug|x86.Build.0 = Debug|x86
		{662C6C4F-4FF4-4CC7-A7D8-35888C4F8032}.iOS|Any CPU.ActiveCfg = Release|x86
		{662C6C4F-4FF4-4CC7-A7D8-35888C4F8032}.iOS|Mixed Platforms.ActiveCfg = Release|x86
		{662C6C4F-4FF4-4CC7-A7D8-35888C4F8032}.iOS|Mixed Platforms.Build.0 = Release|x86
		{662C6C4F-4FF4-4CC7-A7D8-35888C4F8032}.iOS|x86.ActiveCfg = Release|x86
		{662C6C4F-4FF4-4CC7-A7D8-35888C4F8032}.iOS|x86.Build.0 = Release|x86
		{662C6C4F-4FF4-4CC7-A7D8-35888C4F8032}.Linux|Any CPU.ActiveCfg = Release|x86
		{662C6C4F-4FF4-4CC7-A7D8-35888C4F8032}.Linux|Mixed Platforms.ActiveCfg = Release|x86
		{662C6C4F-4FF4-4CC7-A7D8-35888C4F8032}.Linux|Mixed Platforms.Build.0 = Release|x86
		{662C6C4F-4FF4-4CC7-A7D8-35888C4F8032}.Linux|x86.ActiveCfg = Release|x86
		{662C6C4F-4FF4-4CC7-A7D8-35888C4F8032}.Linux|x86.Build.0 = Release|x86
		{662C6C4F-4FF4-4CC7-A7D8-35888C4F8032}.OSX|Any CPU.ActiveCfg = Release|x86
		{662C6C4F-4FF4-4CC7-A7D8-35888C4F8032}.OSX|Mixed Platforms.ActiveCfg = Release|x86
		{662C6C4F-4FF4-4CC7-A7D8-35888C4F8032}.OSX|Mixed Platforms.Build.0 = Release|x86
		{662C6C4F-4FF4-4CC7-A7D8-35888C4F8032}.OSX|x86.ActiveCfg = Release|x86
		{662C6C4F-4FF4-4CC7-A7D8-35888C4F8032}.OSX|x86.Build.0 = Release|x86
		{662C6C4F-4FF4-4CC7-A7D8-35888C4F8032}.PSM|Any CPU.ActiveCfg = Release|x86
		{662C6C4F-4FF4-4CC7-A7D8-35888C4F8032}.PSM|Mixed Platforms.ActiveCfg = Release|x86
		{662C6C4F-4FF4-4CC7-A7D8-35888C4F8032}.PSM|Mixed Platforms.Build.0 = Release|x86
		{662C6C4F-4FF4-4CC7-A7D8-35888C4F8032}.PSM|x86.ActiveCfg = Release|x86
		{662C6C4F-4FF4-4CC7-A7D8-35888C4F8032}.PSM|x86.Build.0 = Release|x86
		{662C6C4F-4FF4-4CC7-A7D8-35888C4F8032}.Release|Any CPU.ActiveCfg = Release|x86
		{662C6C4F-4FF4-4CC7-A7D8-35888C4F8032}.Release|Mixed Platforms.ActiveCfg = Release|x86
		{662C6C4F-4FF4-4CC7-A7D8-35888C4F8032}.Release|Mixed Platforms.Build.0 = Release|x86
		{662C6C4F-4FF4-4CC7-A7D8-35888C4F8032}.Release|x86.ActiveCfg = Release|x86
		{662C6C4F-4FF4-4CC7-A7D8-35888C4F8032}.Release|x86.Build.0 = Release|x86
		{662C6C4F-4FF4-4CC7-A7D8-35888C4F8032}.Windows|Any CPU.ActiveCfg = Release|x86
		{662C6C4F-4FF4-4CC7-A7D8-35888C4F8032}.Windows|Mixed Platforms.ActiveCfg = Release|x86
		{662C6C4F-4FF4-4CC7-A7D8-35888C4F8032}.Windows|Mixed Platforms.Build.0 = Release|x86
		{662C6C4F-4FF4-4CC7-A7D8-35888C4F8032}.Windows|x86.ActiveCfg = Release|x86
		{662C6C4F-4FF4-4CC7-A7D8-35888C4F8032}.Windows|x86.Build.0 = Release|x86
		{662C6C4F-4FF4-4CC7-A7D8-35888C4F8032}.Windows8|Any CPU.ActiveCfg = Release|x86
		{662C6C4F-4FF4-4CC7-A7D8-35888C4F8032}.Windows8|Mixed Platforms.ActiveCfg = Release|x86
		{662C6C4F-4FF4-4CC7-A7D8-35888C4F8032}.Windows8|Mixed Platforms.Build.0 = Release|x86
		{662C6C4F-4FF4-4CC7-A7D8-35888C4F8032}.Windows8|x86.ActiveCfg = Release|x86
		{662C6C4F-4FF4-4CC7-A7D8-35888C4F8032}.Windows8|x86.Build.0 = Release|x86
		{8B945AD9-564F-4D0D-B779-E8B10BB22056}.Android|Any CPU.ActiveCfg = Release|Any CPU
		{8B945AD9-564F-4D0D-B779-E8B10BB22056}.Android|Any CPU.Build.0 = Release|Any CPU
		{8B945AD9-564F-4D0D-B779-E8B10BB22056}.Android|Mixed Platforms.ActiveCfg = Release|Any CPU
		{8B945AD9-564F-4D0D-B779-E8B10BB22056}.Android|Mixed Platforms.Build.0 = Release|Any CPU
		{8B945AD9-564F-4D0D-B779-E8B10BB22056}.Android|x86.ActiveCfg = Release|Any CPU
		{8B945AD9-564F-4D0D-B779-E8B10BB22056}.Debug|Any CPU.ActiveCfg = Debug|Any CPU
		{8B945AD9-564F-4D0D-B779-E8B10BB22056}.Debug|Any CPU.Build.0 = Debug|Any CPU
		{8B945AD9-564F-4D0D-B779-E8B10BB22056}.Debug|Mixed Platforms.ActiveCfg = Debug|Any CPU
		{8B945AD9-564F-4D0D-B779-E8B10BB22056}.Debug|Mixed Platforms.Build.0 = Debug|Any CPU
		{8B945AD9-564F-4D0D-B779-E8B10BB22056}.Debug|x86.ActiveCfg = Debug|Any CPU
		{8B945AD9-564F-4D0D-B779-E8B10BB22056}.iOS|Any CPU.ActiveCfg = Release|Any CPU
		{8B945AD9-564F-4D0D-B779-E8B10BB22056}.iOS|Any CPU.Build.0 = Release|Any CPU
		{8B945AD9-564F-4D0D-B779-E8B10BB22056}.iOS|Mixed Platforms.ActiveCfg = Release|Any CPU
		{8B945AD9-564F-4D0D-B779-E8B10BB22056}.iOS|Mixed Platforms.Build.0 = Release|Any CPU
		{8B945AD9-564F-4D0D-B779-E8B10BB22056}.iOS|x86.ActiveCfg = Release|Any CPU
		{8B945AD9-564F-4D0D-B779-E8B10BB22056}.Linux|Any CPU.ActiveCfg = Release|Any CPU
		{8B945AD9-564F-4D0D-B779-E8B10BB22056}.Linux|Any CPU.Build.0 = Release|Any CPU
		{8B945AD9-564F-4D0D-B779-E8B10BB22056}.Linux|Mixed Platforms.ActiveCfg = Release|Any CPU
		{8B945AD9-564F-4D0D-B779-E8B10BB22056}.Linux|Mixed Platforms.Build.0 = Release|Any CPU
		{8B945AD9-564F-4D0D-B779-E8B10BB22056}.Linux|x86.ActiveCfg = Release|Any CPU
		{8B945AD9-564F-4D0D-B779-E8B10BB22056}.OSX|Any CPU.ActiveCfg = Release|Any CPU
		{8B945AD9-564F-4D0D-B779-E8B10BB22056}.OSX|Any CPU.Build.0 = Release|Any CPU
		{8B945AD9-564F-4D0D-B779-E8B10BB22056}.OSX|Mixed Platforms.ActiveCfg = Release|Any CPU
		{8B945AD9-564F-4D0D-B779-E8B10BB22056}.OSX|Mixed Platforms.Build.0 = Release|Any CPU
		{8B945AD9-564F-4D0D-B779-E8B10BB22056}.OSX|x86.ActiveCfg = Release|Any CPU
		{8B945AD9-564F-4D0D-B779-E8B10BB22056}.PSM|Any CPU.ActiveCfg = Release|Any CPU
		{8B945AD9-564F-4D0D-B779-E8B10BB22056}.PSM|Any CPU.Build.0 = Release|Any CPU
		{8B945AD9-564F-4D0D-B779-E8B10BB22056}.PSM|Mixed Platforms.ActiveCfg = Release|Any CPU
		{8B945AD9-564F-4D0D-B779-E8B10BB22056}.PSM|Mixed Platforms.Build.0 = Release|Any CPU
		{8B945AD9-564F-4D0D-B779-E8B10BB22056}.PSM|x86.ActiveCfg = Release|Any CPU
		{8B945AD9-564F-4D0D-B779-E8B10BB22056}.Release|Any CPU.ActiveCfg = Release|Any CPU
		{8B945AD9-564F-4D0D-B779-E8B10BB22056}.Release|Any CPU.Build.0 = Release|Any CPU
		{8B945AD9-564F-4D0D-B779-E8B10BB22056}.Release|Mixed Platforms.ActiveCfg = Release|Any CPU
		{8B945AD9-564F-4D0D-B779-E8B10BB22056}.Release|Mixed Platforms.Build.0 = Release|Any CPU
		{8B945AD9-564F-4D0D-B779-E8B10BB22056}.Release|x86.ActiveCfg = Release|Any CPU
		{8B945AD9-564F-4D0D-B779-E8B10BB22056}.Windows|Any CPU.ActiveCfg = Release|Any CPU
		{8B945AD9-564F-4D0D-B779-E8B10BB22056}.Windows|Any CPU.Build.0 = Release|Any CPU
		{8B945AD9-564F-4D0D-B779-E8B10BB22056}.Windows|Mixed Platforms.ActiveCfg = Release|Any CPU
		{8B945AD9-564F-4D0D-B779-E8B10BB22056}.Windows|Mixed Platforms.Build.0 = Release|Any CPU
		{8B945AD9-564F-4D0D-B779-E8B10BB22056}.Windows|x86.ActiveCfg = Release|Any CPU
		{8B945AD9-564F-4D0D-B779-E8B10BB22056}.Windows8|Any CPU.ActiveCfg = Release|Any CPU
		{8B945AD9-564F-4D0D-B779-E8B10BB22056}.Windows8|Any CPU.Build.0 = Release|Any CPU
		{8B945AD9-564F-4D0D-B779-E8B10BB22056}.Windows8|Mixed Platforms.ActiveCfg = Release|Any CPU
		{8B945AD9-564F-4D0D-B779-E8B10BB22056}.Windows8|Mixed Platforms.Build.0 = Release|Any CPU
		{8B945AD9-564F-4D0D-B779-E8B10BB22056}.Windows8|x86.ActiveCfg = Release|Any CPU
		{278FED0A-6BF7-4CD3-8E7E-96ACF53B0056}.Android|Any CPU.ActiveCfg = Release|Any CPU
		{278FED0A-6BF7-4CD3-8E7E-96ACF53B0056}.Android|Any CPU.Build.0 = Release|Any CPU
		{278FED0A-6BF7-4CD3-8E7E-96ACF53B0056}.Android|Mixed Platforms.ActiveCfg = Release|Any CPU
		{278FED0A-6BF7-4CD3-8E7E-96ACF53B0056}.Android|Mixed Platforms.Build.0 = Release|Any CPU
		{278FED0A-6BF7-4CD3-8E7E-96ACF53B0056}.Android|x86.ActiveCfg = Release|Any CPU
		{278FED0A-6BF7-4CD3-8E7E-96ACF53B0056}.Debug|Any CPU.ActiveCfg = Debug|Any CPU
		{278FED0A-6BF7-4CD3-8E7E-96ACF53B0056}.Debug|Any CPU.Build.0 = Debug|Any CPU
		{278FED0A-6BF7-4CD3-8E7E-96ACF53B0056}.Debug|Mixed Platforms.ActiveCfg = Debug|Any CPU
		{278FED0A-6BF7-4CD3-8E7E-96ACF53B0056}.Debug|Mixed Platforms.Build.0 = Debug|Any CPU
		{278FED0A-6BF7-4CD3-8E7E-96ACF53B0056}.Debug|x86.ActiveCfg = Debug|Any CPU
		{278FED0A-6BF7-4CD3-8E7E-96ACF53B0056}.iOS|Any CPU.ActiveCfg = Release|Any CPU
		{278FED0A-6BF7-4CD3-8E7E-96ACF53B0056}.iOS|Any CPU.Build.0 = Release|Any CPU
		{278FED0A-6BF7-4CD3-8E7E-96ACF53B0056}.iOS|Mixed Platforms.ActiveCfg = Release|Any CPU
		{278FED0A-6BF7-4CD3-8E7E-96ACF53B0056}.iOS|Mixed Platforms.Build.0 = Release|Any CPU
		{278FED0A-6BF7-4CD3-8E7E-96ACF53B0056}.iOS|x86.ActiveCfg = Release|Any CPU
		{278FED0A-6BF7-4CD3-8E7E-96ACF53B0056}.Linux|Any CPU.ActiveCfg = Release|Any CPU
		{278FED0A-6BF7-4CD3-8E7E-96ACF53B0056}.Linux|Any CPU.Build.0 = Release|Any CPU
		{278FED0A-6BF7-4CD3-8E7E-96ACF53B0056}.Linux|Mixed Platforms.ActiveCfg = Release|Any CPU
		{278FED0A-6BF7-4CD3-8E7E-96ACF53B0056}.Linux|Mixed Platforms.Build.0 = Release|Any CPU
		{278FED0A-6BF7-4CD3-8E7E-96ACF53B0056}.Linux|x86.ActiveCfg = Release|Any CPU
		{278FED0A-6BF7-4CD3-8E7E-96ACF53B0056}.OSX|Any CPU.ActiveCfg = Release|Any CPU
		{278FED0A-6BF7-4CD3-8E7E-96ACF53B0056}.OSX|Any CPU.Build.0 = Release|Any CPU
		{278FED0A-6BF7-4CD3-8E7E-96ACF53B0056}.OSX|Mixed Platforms.ActiveCfg = Release|Any CPU
		{278FED0A-6BF7-4CD3-8E7E-96ACF53B0056}.OSX|Mixed Platforms.Build.0 = Release|Any CPU
		{278FED0A-6BF7-4CD3-8E7E-96ACF53B0056}.OSX|x86.ActiveCfg = Release|Any CPU
		{278FED0A-6BF7-4CD3-8E7E-96ACF53B0056}.PSM|Any CPU.ActiveCfg = Release|Any CPU
		{278FED0A-6BF7-4CD3-8E7E-96ACF53B0056}.PSM|Any CPU.Build.0 = Release|Any CPU
		{278FED0A-6BF7-4CD3-8E7E-96ACF53B0056}.PSM|Mixed Platforms.ActiveCfg = Release|Any CPU
		{278FED0A-6BF7-4CD3-8E7E-96ACF53B0056}.PSM|Mixed Platforms.Build.0 = Release|Any CPU
		{278FED0A-6BF7-4CD3-8E7E-96ACF53B0056}.PSM|x86.ActiveCfg = Release|Any CPU
		{278FED0A-6BF7-4CD3-8E7E-96ACF53B0056}.Release|Any CPU.ActiveCfg = Release|Any CPU
		{278FED0A-6BF7-4CD3-8E7E-96ACF53B0056}.Release|Any CPU.Build.0 = Release|Any CPU
		{278FED0A-6BF7-4CD3-8E7E-96ACF53B0056}.Release|Mixed Platforms.ActiveCfg = Release|Any CPU
		{278FED0A-6BF7-4CD3-8E7E-96ACF53B0056}.Release|Mixed Platforms.Build.0 = Release|Any CPU
		{278FED0A-6BF7-4CD3-8E7E-96ACF53B0056}.Release|x86.ActiveCfg = Release|Any CPU
		{278FED0A-6BF7-4CD3-8E7E-96ACF53B0056}.Windows|Any CPU.ActiveCfg = Release|Any CPU
		{278FED0A-6BF7-4CD3-8E7E-96ACF53B0056}.Windows|Any CPU.Build.0 = Release|Any CPU
		{278FED0A-6BF7-4CD3-8E7E-96ACF53B0056}.Windows|Mixed Platforms.ActiveCfg = Release|Any CPU
		{278FED0A-6BF7-4CD3-8E7E-96ACF53B0056}.Windows|Mixed Platforms.Build.0 = Release|Any CPU
		{278FED0A-6BF7-4CD3-8E7E-96ACF53B0056}.Windows|x86.ActiveCfg = Release|Any CPU
		{278FED0A-6BF7-4CD3-8E7E-96ACF53B0056}.Windows8|Any CPU.ActiveCfg = Release|Any CPU
		{278FED0A-6BF7-4CD3-8E7E-96ACF53B0056}.Windows8|Any CPU.Build.0 = Release|Any CPU
		{278FED0A-6BF7-4CD3-8E7E-96ACF53B0056}.Windows8|Mixed Platforms.ActiveCfg = Release|Any CPU
		{278FED0A-6BF7-4CD3-8E7E-96ACF53B0056}.Windows8|Mixed Platforms.Build.0 = Release|Any CPU
		{278FED0A-6BF7-4CD3-8E7E-96ACF53B0056}.Windows8|x86.ActiveCfg = Release|Any CPU
		{01613C7A-B783-4A5E-93DB-B42EF0B53B74}.Android|Any CPU.ActiveCfg = Release|Any CPU
		{01613C7A-B783-4A5E-93DB-B42EF0B53B74}.Android|Any CPU.Build.0 = Release|Any CPU
		{01613C7A-B783-4A5E-93DB-B42EF0B53B74}.Android|Mixed Platforms.ActiveCfg = Release|Any CPU
		{01613C7A-B783-4A5E-93DB-B42EF0B53B74}.Android|Mixed Platforms.Build.0 = Release|Any CPU
		{01613C7A-B783-4A5E-93DB-B42EF0B53B74}.Android|x86.ActiveCfg = Release|Any CPU
		{01613C7A-B783-4A5E-93DB-B42EF0B53B74}.Debug|Any CPU.ActiveCfg = Debug|Any CPU
		{01613C7A-B783-4A5E-93DB-B42EF0B53B74}.Debug|Any CPU.Build.0 = Debug|Any CPU
		{01613C7A-B783-4A5E-93DB-B42EF0B53B74}.Debug|Mixed Platforms.ActiveCfg = Debug|Any CPU
		{01613C7A-B783-4A5E-93DB-B42EF0B53B74}.Debug|Mixed Platforms.Build.0 = Debug|Any CPU
		{01613C7A-B783-4A5E-93DB-B42EF0B53B74}.Debug|x86.ActiveCfg = Debug|Any CPU
		{01613C7A-B783-4A5E-93DB-B42EF0B53B74}.iOS|Any CPU.ActiveCfg = Release|Any CPU
		{01613C7A-B783-4A5E-93DB-B42EF0B53B74}.iOS|Any CPU.Build.0 = Release|Any CPU
		{01613C7A-B783-4A5E-93DB-B42EF0B53B74}.iOS|Mixed Platforms.ActiveCfg = Release|Any CPU
		{01613C7A-B783-4A5E-93DB-B42EF0B53B74}.iOS|Mixed Platforms.Build.0 = Release|Any CPU
		{01613C7A-B783-4A5E-93DB-B42EF0B53B74}.iOS|x86.ActiveCfg = Release|Any CPU
		{01613C7A-B783-4A5E-93DB-B42EF0B53B74}.Linux|Any CPU.ActiveCfg = Release|Any CPU
		{01613C7A-B783-4A5E-93DB-B42EF0B53B74}.Linux|Any CPU.Build.0 = Release|Any CPU
		{01613C7A-B783-4A5E-93DB-B42EF0B53B74}.Linux|Mixed Platforms.ActiveCfg = Release|Any CPU
		{01613C7A-B783-4A5E-93DB-B42EF0B53B74}.Linux|Mixed Platforms.Build.0 = Release|Any CPU
		{01613C7A-B783-4A5E-93DB-B42EF0B53B74}.Linux|x86.ActiveCfg = Release|Any CPU
		{01613C7A-B783-4A5E-93DB-B42EF0B53B74}.OSX|Any CPU.ActiveCfg = Release|Any CPU
		{01613C7A-B783-4A5E-93DB-B42EF0B53B74}.OSX|Any CPU.Build.0 = Release|Any CPU
		{01613C7A-B783-4A5E-93DB-B42EF0B53B74}.OSX|Mixed Platforms.ActiveCfg = Release|Any CPU
		{01613C7A-B783-4A5E-93DB-B42EF0B53B74}.OSX|Mixed Platforms.Build.0 = Release|Any CPU
		{01613C7A-B783-4A5E-93DB-B42EF0B53B74}.OSX|x86.ActiveCfg = Release|Any CPU
		{01613C7A-B783-4A5E-93DB-B42EF0B53B74}.PSM|Any CPU.ActiveCfg = Release|Any CPU
		{01613C7A-B783-4A5E-93DB-B42EF0B53B74}.PSM|Any CPU.Build.0 = Release|Any CPU
		{01613C7A-B783-4A5E-93DB-B42EF0B53B74}.PSM|Mixed Platforms.ActiveCfg = Release|Any CPU
		{01613C7A-B783-4A5E-93DB-B42EF0B53B74}.PSM|Mixed Platforms.Build.0 = Release|Any CPU
		{01613C7A-B783-4A5E-93DB-B42EF0B53B74}.PSM|x86.ActiveCfg = Release|Any CPU
		{01613C7A-B783-4A5E-93DB-B42EF0B53B74}.Release|Any CPU.ActiveCfg = Release|Any CPU
		{01613C7A-B783-4A5E-93DB-B42EF0B53B74}.Release|Any CPU.Build.0 = Release|Any CPU
		{01613C7A-B783-4A5E-93DB-B42EF0B53B74}.Release|Mixed Platforms.ActiveCfg = Release|Any CPU
		{01613C7A-B783-4A5E-93DB-B42EF0B53B74}.Release|Mixed Platforms.Build.0 = Release|Any CPU
		{01613C7A-B783-4A5E-93DB-B42EF0B53B74}.Release|x86.ActiveCfg = Release|Any CPU
		{01613C7A-B783-4A5E-93DB-B42EF0B53B74}.Windows|Any CPU.ActiveCfg = Release|Any CPU
		{01613C7A-B783-4A5E-93DB-B42EF0B53B74}.Windows|Any CPU.Build.0 = Release|Any CPU
		{01613C7A-B783-4A5E-93DB-B42EF0B53B74}.Windows|Mixed Platforms.ActiveCfg = Release|Any CPU
		{01613C7A-B783-4A5E-93DB-B42EF0B53B74}.Windows|Mixed Platforms.Build.0 = Release|Any CPU
		{01613C7A-B783-4A5E-93DB-B42EF0B53B74}.Windows|x86.ActiveCfg = Release|Any CPU
		{01613C7A-B783-4A5E-93DB-B42EF0B53B74}.Windows8|Any CPU.ActiveCfg = Release|Any CPU
		{01613C7A-B783-4A5E-93DB-B42EF0B53B74}.Windows8|Any CPU.Build.0 = Release|Any CPU
		{01613C7A-B783-4A5E-93DB-B42EF0B53B74}.Windows8|Mixed Platforms.ActiveCfg = Release|Any CPU
		{01613C7A-B783-4A5E-93DB-B42EF0B53B74}.Windows8|Mixed Platforms.Build.0 = Release|Any CPU
		{01613C7A-B783-4A5E-93DB-B42EF0B53B74}.Windows8|x86.ActiveCfg = Release|Any CPU
		{F909AA7C-654A-41C1-909E-D986A87876CB}.Android|Any CPU.ActiveCfg = Release|Any CPU
		{F909AA7C-654A-41C1-909E-D986A87876CB}.Android|Any CPU.Build.0 = Release|Any CPU
		{F909AA7C-654A-41C1-909E-D986A87876CB}.Android|Mixed Platforms.ActiveCfg = Release|Any CPU
		{F909AA7C-654A-41C1-909E-D986A87876CB}.Android|Mixed Platforms.Build.0 = Release|Any CPU
		{F909AA7C-654A-41C1-909E-D986A87876CB}.Android|x86.ActiveCfg = Release|Any CPU
		{F909AA7C-654A-41C1-909E-D986A87876CB}.Debug|Any CPU.ActiveCfg = Debug|Any CPU
		{F909AA7C-654A-41C1-909E-D986A87876CB}.Debug|Any CPU.Build.0 = Debug|Any CPU
		{F909AA7C-654A-41C1-909E-D986A87876CB}.Debug|Mixed Platforms.ActiveCfg = Debug|Any CPU
		{F909AA7C-654A-41C1-909E-D986A87876CB}.Debug|Mixed Platforms.Build.0 = Debug|Any CPU
		{F909AA7C-654A-41C1-909E-D986A87876CB}.Debug|x86.ActiveCfg = Debug|Any CPU
		{F909AA7C-654A-41C1-909E-D986A87876CB}.iOS|Any CPU.ActiveCfg = Release|Any CPU
		{F909AA7C-654A-41C1-909E-D986A87876CB}.iOS|Any CPU.Build.0 = Release|Any CPU
		{F909AA7C-654A-41C1-909E-D986A87876CB}.iOS|Mixed Platforms.ActiveCfg = Release|Any CPU
		{F909AA7C-654A-41C1-909E-D986A87876CB}.iOS|Mixed Platforms.Build.0 = Release|Any CPU
		{F909AA7C-654A-41C1-909E-D986A87876CB}.iOS|x86.ActiveCfg = Release|Any CPU
		{F909AA7C-654A-41C1-909E-D986A87876CB}.Linux|Any CPU.ActiveCfg = Release|Any CPU
		{F909AA7C-654A-41C1-909E-D986A87876CB}.Linux|Any CPU.Build.0 = Release|Any CPU
		{F909AA7C-654A-41C1-909E-D986A87876CB}.Linux|Mixed Platforms.ActiveCfg = Release|Any CPU
		{F909AA7C-654A-41C1-909E-D986A87876CB}.Linux|Mixed Platforms.Build.0 = Release|Any CPU
		{F909AA7C-654A-41C1-909E-D986A87876CB}.Linux|x86.ActiveCfg = Release|Any CPU
		{F909AA7C-654A-41C1-909E-D986A87876CB}.OSX|Any CPU.ActiveCfg = Release|Any CPU
		{F909AA7C-654A-41C1-909E-D986A87876CB}.OSX|Any CPU.Build.0 = Release|Any CPU
		{F909AA7C-654A-41C1-909E-D986A87876CB}.OSX|Mixed Platforms.ActiveCfg = Release|Any CPU
		{F909AA7C-654A-41C1-909E-D986A87876CB}.OSX|Mixed Platforms.Build.0 = Release|Any CPU
		{F909AA7C-654A-41C1-909E-D986A87876CB}.OSX|x86.ActiveCfg = Release|Any CPU
		{F909AA7C-654A-41C1-909E-D986A87876CB}.PSM|Any CPU.ActiveCfg = Release|Any CPU
		{F909AA7C-654A-41C1-909E-D986A87876CB}.PSM|Any CPU.Build.0 = Release|Any CPU
		{F909AA7C-654A-41C1-909E-D986A87876CB}.PSM|Mixed Platforms.ActiveCfg = Release|Any CPU
		{F909AA7C-654A-41C1-909E-D986A87876CB}.PSM|Mixed Platforms.Build.0 = Release|Any CPU
		{F909AA7C-654A-41C1-909E-D986A87876CB}.PSM|x86.ActiveCfg = Release|Any CPU
		{F909AA7C-654A-41C1-909E-D986A87876CB}.Release|Any CPU.ActiveCfg = Release|Any CPU
		{F909AA7C-654A-41C1-909E-D986A87876CB}.Release|Any CPU.Build.0 = Release|Any CPU
		{F909AA7C-654A-41C1-909E-D986A87876CB}.Release|Mixed Platforms.ActiveCfg = Release|Any CPU
		{F909AA7C-654A-41C1-909E-D986A87876CB}.Release|Mixed Platforms.Build.0 = Release|Any CPU
		{F909AA7C-654A-41C1-909E-D986A87876CB}.Release|x86.ActiveCfg = Release|Any CPU
		{F909AA7C-654A-41C1-909E-D986A87876CB}.Windows|Any CPU.ActiveCfg = Release|Any CPU
		{F909AA7C-654A-41C1-909E-D986A87876CB}.Windows|Any CPU.Build.0 = Release|Any CPU
		{F909AA7C-654A-41C1-909E-D986A87876CB}.Windows|Mixed Platforms.ActiveCfg = Release|Any CPU
		{F909AA7C-654A-41C1-909E-D986A87876CB}.Windows|Mixed Platforms.Build.0 = Release|Any CPU
		{F909AA7C-654A-41C1-909E-D986A87876CB}.Windows|x86.ActiveCfg = Release|Any CPU
		{F909AA7C-654A-41C1-909E-D986A87876CB}.Windows8|Any CPU.ActiveCfg = Release|Any CPU
		{F909AA7C-654A-41C1-909E-D986A87876CB}.Windows8|Any CPU.Build.0 = Release|Any CPU
		{F909AA7C-654A-41C1-909E-D986A87876CB}.Windows8|Mixed Platforms.ActiveCfg = Release|Any CPU
		{F909AA7C-654A-41C1-909E-D986A87876CB}.Windows8|Mixed Platforms.Build.0 = Release|Any CPU
		{F909AA7C-654A-41C1-909E-D986A87876CB}.Windows8|x86.ActiveCfg = Release|Any CPU
	EndGlobalSection
	GlobalSection(SolutionProperties) = preSolution
		HideSolutionNode = FALSE
	EndGlobalSection
EndGlobal
